
Microsoft Visual Studio Solution File, Format Version 12.00
# Visual Studio Version 17
VisualStudioVersion = 17.1.32319.34
MinimumVisualStudioVersion = 10.0.40219.1
Project("{FAE04EC0-301F-11D3-BF4B-00C04F79EFBC}") = "TwitterApi", "TwitterApi\TwitterApi.csproj", "{D94315C0-7673-4ABE-BB5B-BBF13FC2A7DC}"
EndProject
Global
	GlobalSection(SolutionConfigurationPlatforms) = preSolution
		Debug|Any CPU = Debug|Any CPU
		Release|Any CPU = Release|Any CPU
	EndGlobalSection
	GlobalSection(ProjectConfigurationPlatforms) = postSolution
		{D94315C0-7673-4ABE-BB5B-BBF13FC2A7DC}.Debug|Any CPU.ActiveCfg = Debug|Any CPU
		{D94315C0-7673-4ABE-BB5B-BBF13FC2A7DC}.Debug|Any CPU.Build.0 = Debug|Any CPU
		{D94315C0-7673-4ABE-BB5B-BBF13FC2A7DC}.Release|Any CPU.ActiveCfg = Release|Any CPU
		{D94315C0-7673-4ABE-BB5B-BBF13FC2A7DC}.Release|Any CPU.Build.0 = Release|Any CPU
	EndGlobalSection
	GlobalSection(SolutionProperties) = preSolution
		HideSolutionNode = FALSE
	EndGlobalSection
	GlobalSection(ExtensibilityGlobals) = postSolution
		SolutionGuid = {7D28E87D-844C-4C80-9121-9F53174E3720}
	EndGlobalSection
EndGlobal
